{
  "name": "moment.fm",
  "lockfileVersion": 2,
  "requires": true,
  "packages": {
    "": {
      "dependencies": {
        "spotify-web-api-js": "^1.5.1"
      }
    },
    "node_modules/spotify-web-api-js": {
      "version": "1.5.1",
      "resolved": "https://registry.npmjs.org/spotify-web-api-js/-/spotify-web-api-js-1.5.1.tgz",
      "integrity": "sha512-KyeYpfPY5bWc5geb0Lmw96oqydxrby36vkmN33q4xrY7oWwoz3634Ya7qHndq2eOqCfI1GS3a5CjimYe7RQdtg=="
    }
  },
  "dependencies": {
    "spotify-web-api-js": {
      "version": "1.5.1",
      "resolved": "https://registry.npmjs.org/spotify-web-api-js/-/spotify-web-api-js-1.5.1.tgz",
      "integrity": "sha512-KyeYpfPY5bWc5geb0Lmw96oqydxrby36vkmN33q4xrY7oWwoz3634Ya7qHndq2eOqCfI1GS3a5CjimYe7RQdtg=="
    }
  }
}
