{
  "name": "moment.fm",
  "lockfileVersion": 2,
  "requires": true,
  "packages": {
    "": {
      "dependencies": {
        "oracledb": "^5.1.0",
        "spotify-web-api-js": "^1.5.1"
      }
    },
    "node_modules/oracledb": {
      "version": "5.1.0",
      "resolved": "https://registry.npmjs.org/oracledb/-/oracledb-5.1.0.tgz",
      "integrity": "sha512-/IpzG729lFj8NBsA0xaOijdf6ZO3VuJbebma/hSf+VUZoIyzI/mCzBX047ramb/W8yJ1SV/HdWgs+XEczbqsXg==",
      "hasInstallScript": true,
      "engines": {
        "node": ">=10.16"
      }
    },
    "node_modules/spotify-web-api-js": {
      "version": "1.5.1",
      "resolved": "https://registry.npmjs.org/spotify-web-api-js/-/spotify-web-api-js-1.5.1.tgz",
      "integrity": "sha512-KyeYpfPY5bWc5geb0Lmw96oqydxrby36vkmN33q4xrY7oWwoz3634Ya7qHndq2eOqCfI1GS3a5CjimYe7RQdtg=="
    }
  },
  "dependencies": {
    "oracledb": {
      "version": "5.1.0",
      "resolved": "https://registry.npmjs.org/oracledb/-/oracledb-5.1.0.tgz",
      "integrity": "sha512-/IpzG729lFj8NBsA0xaOijdf6ZO3VuJbebma/hSf+VUZoIyzI/mCzBX047ramb/W8yJ1SV/HdWgs+XEczbqsXg=="
    },
    "spotify-web-api-js": {
      "version": "1.5.1",
      "resolved": "https://registry.npmjs.org/spotify-web-api-js/-/spotify-web-api-js-1.5.1.tgz",
      "integrity": "sha512-KyeYpfPY5bWc5geb0Lmw96oqydxrby36vkmN33q4xrY7oWwoz3634Ya7qHndq2eOqCfI1GS3a5CjimYe7RQdtg=="
    }
  }
}
